
Microsoft Visual Studio Solution File, Format Version 12.00
# Visual Studio Version 16
VisualStudioVersion = 16.0.32106.194
MinimumVisualStudioVersion = 10.0.40219.1
Project("{9A19103F-16F7-4668-BE54-9A1E7A4F7556}") = "DatabaseApproach", "DatabaseApproach\DatabaseApproach.csproj", "{742258B3-41EE-4119-9BBA-4D17FC4B2CD9}"
EndProject
Project("{9A19103F-16F7-4668-BE54-9A1E7A4F7556}") = "DBApproach.Domain", "DBApproach.Domain\DBApproach.Domain.csproj", "{B57DE232-8E8E-4B03-8374-4076424A4471}"
EndProject
Project("{9A19103F-16F7-4668-BE54-9A1E7A4F7556}") = "DBApproach.Business", "DBApproach.Business\DBApproach.Business.csproj", "{10546536-8DD4-4802-A5BF-E7DBBA85BBEC}"
EndProject
Project("{9A19103F-16F7-4668-BE54-9A1E7A4F7556}") = "DBApproach.Infrastructure", "DBApproach.Infrastructure\DBApproach.Infrastructure.csproj", "{DD60E4D9-F120-4AC1-8632-6981667C9AA2}"
EndProject
Global
	GlobalSection(SolutionConfigurationPlatforms) = preSolution
		Debug|Any CPU = Debug|Any CPU
		Release|Any CPU = Release|Any CPU
	EndGlobalSection
	GlobalSection(ProjectConfigurationPlatforms) = postSolution
		{742258B3-41EE-4119-9BBA-4D17FC4B2CD9}.Debug|Any CPU.ActiveCfg = Debug|Any CPU
		{742258B3-41EE-4119-9BBA-4D17FC4B2CD9}.Debug|Any CPU.Build.0 = Debug|Any CPU
		{742258B3-41EE-4119-9BBA-4D17FC4B2CD9}.Release|Any CPU.ActiveCfg = Release|Any CPU
		{742258B3-41EE-4119-9BBA-4D17FC4B2CD9}.Release|Any CPU.Build.0 = Release|Any CPU
		{B57DE232-8E8E-4B03-8374-4076424A4471}.Debug|Any CPU.ActiveCfg = Debug|Any CPU
		{B57DE232-8E8E-4B03-8374-4076424A4471}.Debug|Any CPU.Build.0 = Debug|Any CPU
		{B57DE232-8E8E-4B03-8374-4076424A4471}.Release|Any CPU.ActiveCfg = Release|Any CPU
		{B57DE232-8E8E-4B03-8374-4076424A4471}.Release|Any CPU.Build.0 = Release|Any CPU
		{10546536-8DD4-4802-A5BF-E7DBBA85BBEC}.Debug|Any CPU.ActiveCfg = Debug|Any CPU
		{10546536-8DD4-4802-A5BF-E7DBBA85BBEC}.Debug|Any CPU.Build.0 = Debug|Any CPU
		{10546536-8DD4-4802-A5BF-E7DBBA85BBEC}.Release|Any CPU.ActiveCfg = Release|Any CPU
		{10546536-8DD4-4802-A5BF-E7DBBA85BBEC}.Release|Any CPU.Build.0 = Release|Any CPU
		{DD60E4D9-F120-4AC1-8632-6981667C9AA2}.Debug|Any CPU.ActiveCfg = Debug|Any CPU
		{DD60E4D9-F120-4AC1-8632-6981667C9AA2}.Debug|Any CPU.Build.0 = Debug|Any CPU
		{DD60E4D9-F120-4AC1-8632-6981667C9AA2}.Release|Any CPU.ActiveCfg = Release|Any CPU
		{DD60E4D9-F120-4AC1-8632-6981667C9AA2}.Release|Any CPU.Build.0 = Release|Any CPU
	EndGlobalSection
	GlobalSection(SolutionProperties) = preSolution
		HideSolutionNode = FALSE
	EndGlobalSection
	GlobalSection(ExtensibilityGlobals) = postSolution
		SolutionGuid = {CCB0507D-AF47-4A22-A2D8-CCFD289766A1}
	EndGlobalSection
EndGlobal
